
Microsoft Visual Studio Solution File, Format Version 12.00
# Visual Studio Version 17
VisualStudioVersion = 17.4.33213.308
MinimumVisualStudioVersion = 10.0.40219.1
Project("{FAE04EC0-301F-11D3-BF4B-00C04F79EFBC}") = "GitHubWebsite", "GitHubWebsite\GitHubWebsite.csproj", "{C2C9131D-AA75-41BE-B912-A3A74C77E16E}"
EndProject
Global
	GlobalSection(SolutionConfigurationPlatforms) = preSolution
		Debug|Any CPU = Debug|Any CPU
		Release|Any CPU = Release|Any CPU
	EndGlobalSection
	GlobalSection(ProjectConfigurationPlatforms) = postSolution
		{C2C9131D-AA75-41BE-B912-A3A74C77E16E}.Debug|Any CPU.ActiveCfg = Debug|Any CPU
		{C2C9131D-AA75-41BE-B912-A3A74C77E16E}.Debug|Any CPU.Build.0 = Debug|Any CPU
		{C2C9131D-AA75-41BE-B912-A3A74C77E16E}.Release|Any CPU.ActiveCfg = Release|Any CPU
		{C2C9131D-AA75-41BE-B912-A3A74C77E16E}.Release|Any CPU.Build.0 = Release|Any CPU
	EndGlobalSection
	GlobalSection(SolutionProperties) = preSolution
		HideSolutionNode = FALSE
	EndGlobalSection
	GlobalSection(ExtensibilityGlobals) = postSolution
		SolutionGuid = {53740CAF-05A5-4AC8-94D5-700EE36756F6}
	EndGlobalSection
EndGlobal
